
Microsoft Visual Studio Solution File, Format Version 12.00
# Visual Studio Version 17
VisualStudioVersion = 17.5.33627.172
MinimumVisualStudioVersion = 10.0.40219.1
Project("{FAE04EC0-301F-11D3-BF4B-00C04F79EFBC}") = "OpenAIRequestExample", "ConsoleApp1\OpenAIRequestExample.csproj", "{5AB78FE9-392F-4043-B809-E37E45A6EF8D}"
EndProject
Global
	GlobalSection(SolutionConfigurationPlatforms) = preSolution
		Debug|Any CPU = Debug|Any CPU
		Release|Any CPU = Release|Any CPU
	EndGlobalSection
	GlobalSection(ProjectConfigurationPlatforms) = postSolution
		{5AB78FE9-392F-4043-B809-E37E45A6EF8D}.Debug|Any CPU.ActiveCfg = Debug|Any CPU
		{5AB78FE9-392F-4043-B809-E37E45A6EF8D}.Debug|Any CPU.Build.0 = Debug|Any CPU
		{5AB78FE9-392F-4043-B809-E37E45A6EF8D}.Release|Any CPU.ActiveCfg = Release|Any CPU
		{5AB78FE9-392F-4043-B809-E37E45A6EF8D}.Release|Any CPU.Build.0 = Release|Any CPU
	EndGlobalSection
	GlobalSection(SolutionProperties) = preSolution
		HideSolutionNode = FALSE
	EndGlobalSection
	GlobalSection(ExtensibilityGlobals) = postSolution
		SolutionGuid = {E4715E60-358A-4072-BF77-D6173829F8BB}
	EndGlobalSection
EndGlobal
